
Microsoft Visual Studio Solution File, Format Version 12.00
# Visual Studio Version 17
VisualStudioVersion = 17.14.37314.3 d17.14
MinimumVisualStudioVersion = 10.0.40219.1
Project("{FAE04EC0-301F-11D3-BF4B-00C04F79EFBC}") = "MyOnlineStore", "MyOnlineStore\MyOnlineStore.csproj", "{BAD1C2BA-B8FD-4BDD-829A-4AD5035F5434}"
EndProject
Global
	GlobalSection(SolutionConfigurationPlatforms) = preSolution
		Debug|Any CPU = Debug|Any CPU
		Release|Any CPU = Release|Any CPU
	EndGlobalSection
	GlobalSection(ProjectConfigurationPlatforms) = postSolution
		{BAD1C2BA-B8FD-4BDD-829A-4AD5035F5434}.Debug|Any CPU.ActiveCfg = Debug|Any CPU
		{BAD1C2BA-B8FD-4BDD-829A-4AD5035F5434}.Debug|Any CPU.Build.0 = Debug|Any CPU
		{BAD1C2BA-B8FD-4BDD-829A-4AD5035F5434}.Release|Any CPU.ActiveCfg = Release|Any CPU
		{BAD1C2BA-B8FD-4BDD-829A-4AD5035F5434}.Release|Any CPU.Build.0 = Release|Any CPU
	EndGlobalSection
	GlobalSection(SolutionProperties) = preSolution
		HideSolutionNode = FALSE
	EndGlobalSection
	GlobalSection(ExtensibilityGlobals) = postSolution
		SolutionGuid = {721A7A34-A795-4AA7-9206-1990F3A2099D}
	EndGlobalSection
EndGlobal
